
Microsoft Visual Studio Solution File, Format Version 12.00
# Visual Studio 2012
Project("{FAE04EC0-301F-11D3-BF4B-00C04F79EFBC}") = "MlbClient", "MlbClient\MlbClient.csproj", "{F2E3E6FA-55FE-4B55-A29C-3E1A88DDB396}"
	ProjectSection(ProjectDependencies) = postProject
		{13BA2F6D-E5AA-41B7-8D14-DB37142A1DD9} = {13BA2F6D-E5AA-41B7-8D14-DB37142A1DD9}
	EndProjectSection
EndProject
Project("{FAE04EC0-301F-11D3-BF4B-00C04F79EFBC}") = "MlbData.Services", "MlbData.Services\MlbData.Services.csproj", "{15B3E0D2-6217-493A-A690-158C497F5318}"
EndProject
Project("{FAE04EC0-301F-11D3-BF4B-00C04F79EFBC}") = "MlbData.Services.Impl", "MlbData.Services.Impl\MlbData.Services.Impl.csproj", "{13BA2F6D-E5AA-41B7-8D14-DB37142A1DD9}"
EndProject
Project("{FAE04EC0-301F-11D3-BF4B-00C04F79EFBC}") = "MlbData.Engine", "MlbData.Engine\MlbData.Engine.csproj", "{9EEF53B1-DA90-456C-81D8-06831A06D3A3}"
EndProject
Global
	GlobalSection(SolutionConfigurationPlatforms) = preSolution
		Debug|Any CPU = Debug|Any CPU
		Release|Any CPU = Release|Any CPU
	EndGlobalSection
	GlobalSection(ProjectConfigurationPlatforms) = postSolution
		{F2E3E6FA-55FE-4B55-A29C-3E1A88DDB396}.Debug|Any CPU.ActiveCfg = Debug|Any CPU
		{F2E3E6FA-55FE-4B55-A29C-3E1A88DDB396}.Debug|Any CPU.Build.0 = Debug|Any CPU
		{F2E3E6FA-55FE-4B55-A29C-3E1A88DDB396}.Release|Any CPU.ActiveCfg = Release|Any CPU
		{F2E3E6FA-55FE-4B55-A29C-3E1A88DDB396}.Release|Any CPU.Build.0 = Release|Any CPU
		{15B3E0D2-6217-493A-A690-158C497F5318}.Debug|Any CPU.ActiveCfg = Debug|Any CPU
		{15B3E0D2-6217-493A-A690-158C497F5318}.Debug|Any CPU.Build.0 = Debug|Any CPU
		{15B3E0D2-6217-493A-A690-158C497F5318}.Release|Any CPU.ActiveCfg = Release|Any CPU
		{15B3E0D2-6217-493A-A690-158C497F5318}.Release|Any CPU.Build.0 = Release|Any CPU
		{13BA2F6D-E5AA-41B7-8D14-DB37142A1DD9}.Debug|Any CPU.ActiveCfg = Debug|Any CPU
		{13BA2F6D-E5AA-41B7-8D14-DB37142A1DD9}.Debug|Any CPU.Build.0 = Debug|Any CPU
		{13BA2F6D-E5AA-41B7-8D14-DB37142A1DD9}.Release|Any CPU.ActiveCfg = Release|Any CPU
		{13BA2F6D-E5AA-41B7-8D14-DB37142A1DD9}.Release|Any CPU.Build.0 = Release|Any CPU
		{9EEF53B1-DA90-456C-81D8-06831A06D3A3}.Debug|Any CPU.ActiveCfg = Debug|Any CPU
		{9EEF53B1-DA90-456C-81D8-06831A06D3A3}.Debug|Any CPU.Build.0 = Debug|Any CPU
		{9EEF53B1-DA90-456C-81D8-06831A06D3A3}.Release|Any CPU.ActiveCfg = Release|Any CPU
		{9EEF53B1-DA90-456C-81D8-06831A06D3A3}.Release|Any CPU.Build.0 = Release|Any CPU
	EndGlobalSection
	GlobalSection(SolutionProperties) = preSolution
		HideSolutionNode = FALSE
	EndGlobalSection
EndGlobal
